// !$*UTF8*$!
{
	archiveVersion = 1;
	classes = {
	};
	objectVersion = 56;
	objects = {

/* Begin PBXBuildFile section */
		0456A9BB2BB9879100DAA667 /* test_appApp.swift in Sources */ = {isa = PBXBuildFile; fileRef = 0456A9BA2BB9879100DAA667 /* test_appApp.swift */; };
		0456A9BD2BB9879100DAA667 /* ContentView.swift in Sources */ = {isa = PBXBuildFile; fileRef = 0456A9BC2BB9879100DAA667 /* ContentView.swift */; };
		0456A9BF2BB9879200DAA667 /* Assets.xcassets in Resources */ = {isa = PBXBuildFile; fileRef = 0456A9BE2BB9879200DAA667 /* Assets.xcassets */; };
		0456A9C22BB9879200DAA667 /* Preview Assets.xcassets in Resources */ = {isa = PBXBuildFile; fileRef = 0456A9C12BB9879200DAA667 /* Preview Assets.xcassets */; };
		0456A9CC2BB9879300DAA667 /* test_appTests.swift in Sources */ = {isa = PBXBuildFile; fileRef = 0456A9CB2BB9879300DAA667 /* test_appTests.swift */; };
		0456A9D62BB9879300DAA667 /* test_appUITests.swift in Sources */ = {isa = PBXBuildFile; fileRef = 0456A9D52BB9879300DAA667 /* test_appUITests.swift */; };
		0456A9D82BB9879300DAA667 /* test_appUITestsLaunchTests.swift in Sources */ = {isa = PBXBuildFile; fileRef = 0456A9D72BB9879300DAA667 /* test_appUITestsLaunchTests.swift */; };
/* End PBXBuildFile section */

/* Begin PBXContainerItemProxy section */
		0456A9C82BB9879300DAA667 /* PBXContainerItemProxy */ = {
			isa = PBXContainerItemProxy;
			containerPortal = 0456A9AF2BB9879100DAA667 /* Project object */;
			proxyType = 1;
			remoteGlobalIDString = 0456A9B62BB9879100DAA667;
			remoteInfo = test_app;
		};
		0456A9D22BB9879300DAA667 /* PBXContainerItemProxy */ = {
			isa = PBXContainerItemProxy;
			containerPortal = 0456A9AF2BB9879100DAA667 /* Project object */;
			proxyType = 1;
			remoteGlobalIDString = 0456A9B62BB9879100DAA667;
			remoteInfo = test_app;
		};
/* End PBXContainerItemProxy section */

/* Begin PBXFileReference section */
		0456A9B72BB9879100DAA667 /* test_app.app */ = {isa = PBXFileReference; explicitFileType = wrapper.application; includeInIndex = 0; path = test_app.app; sourceTree = BUILT_PRODUCTS_DIR; };
		0456A9BA2BB9879100DAA667 /* test_appApp.swift */ = {isa = PBXFileReference; lastKnownFileType = sourcecode.swift; path = test_appApp.swift; sourceTree = "<group>"; };
		0456A9BC2BB9879100DAA667 /* ContentView.swift */ = {isa = PBXFileReference; lastKnownFileType = sourcecode.swift; path = ContentView.swift; sourceTree = "<group>"; };
		0456A9BE2BB9879200DAA667 /* Assets.xcassets */ = {isa = PBXFileReference; lastKnownFileType = folder.assetcatalog; path = Assets.xcassets; sourceTree = "<group>"; };
		0456A9C12BB9879200DAA667 /* Preview Assets.xcassets */ = {isa = PBXFileReference; lastKnownFileType = folder.assetcatalog; path = "Preview Assets.xcassets"; sourceTree = "<group>"; };
		0456A9C72BB9879300DAA667 /* test_appTests.xctest */ = {isa = PBXFileReference; explicitFileType = wrapper.cfbundle; includeInIndex = 0; path = test_appTests.xctest; sourceTree = BUILT_PRODUCTS_DIR; };
		0456A9CB2BB9879300DAA667 /* test_appTests.swift */ = {isa = PBXFileReference; lastKnownFileType = sourcecode.swift; path = test_appTests.swift; sourceTree = "<group>"; };
		0456A9D12BB9879300DAA667 /* test_appUITests.xctest */ = {isa = PBXFileReference; explicitFileType = wrapper.cfbundle; includeInIndex = 0; path = test_appUITests.xctest; sourceTree = BUILT_PRODUCTS_DIR; };
		0456A9D52BB9879300DAA667 /* test_appUITests.swift */ = {isa = PBXFileReference; lastKnownFileType = sourcecode.swift; path = test_appUITests.swift; sourceTree = "<group>"; };
		0456A9D72BB9879300DAA667 /* test_appUITestsLaunchTests.swift */ = {isa = PBXFileReference; lastKnownFileType = sourcecode.swift; path = test_appUITestsLaunchTests.swift; sourceTree = "<group>"; };
/* End PBXFileReference section */

/* Begin PBXFrameworksBuildPhase section */
		0456A9B42BB9879100DAA667 /* Frameworks */ = {
			isa = PBXFrameworksBuildPhase;
			buildActionMask = 2147483647;
			files = (
			);
			runOnlyForDeploymentPostprocessing = 0;
		};
		0456A9C42BB9879300DAA667 /* Frameworks */ = {
			isa = PBXFrameworksBuildPhase;
			buildActionMask = 2147483647;
			files = (
			);
			runOnlyForDeploymentPostprocessing = 0;
		};
		0456A9CE2BB9879300DAA667 /* Frameworks */ = {
			isa = PBXFrameworksBuildPhase;
			buildActionMask = 2147483647;
			files = (
			);
			runOnlyForDeploymentPostprocessing = 0;
		};
/* End PBXFrameworksBuildPhase section */

/* Begin PBXGroup section */
		0456A9AE2BB9879100DAA667 = {
			isa = PBXGroup;
			children = (
				0456A9B92BB9879100DAA667 /* test_app */,
				0456A9CA2BB9879300DAA667 /* test_appTests */,
				0456A9D42BB9879300DAA667 /* test_appUITests */,
				0456A9B82BB9879100DAA667 /* Products */,
			);
			sourceTree = "<group>";
		};
		0456A9B82BB9879100DAA667 /* Products */ = {
			isa = PBXGroup;
			children = (
				0456A9B72BB9879100DAA667 /* test_app.app */,
				0456A9C72BB9879300DAA667 /* test_appTests.xctest */,
				0456A9D12BB9879300DAA667 /* test_appUITests.xctest */,
			);
			name = Products;
			sourceTree = "<group>";
		};
		0456A9B92BB9879100DAA667 /* test_app */ = {
			isa = PBXGroup;
			children = (
				0456A9BA2BB9879100DAA667 /* test_appApp.swift */,
				0456A9BC2BB9879100DAA667 /* ContentView.swift */,
				0456A9BE2BB9879200DAA667 /* Assets.xcassets */,
				0456A9C02BB9879200DAA667 /* Preview Content */,
			);
			path = test_app;
			sourceTree = "<group>";
		};
		0456A9C02BB9879200DAA667 /* Preview Content */ = {
			isa = PBXGroup;
			children = (
				0456A9C12BB9879200DAA667 /* Preview Assets.xcassets */,
			);
			path = "Preview Content";
			sourceTree = "<group>";
		};
		0456A9CA2BB9879300DAA667 /* test_appTests */ = {
			isa = PBXGroup;
			children = (
				0456A9CB2BB9879300DAA667 /* test_appTests.swift */,
			);
			path = test_appTests;
			sourceTree = "<group>";
		};
		0456A9D42BB9879300DAA667 /* test_appUITests */ = {
			isa = PBXGroup;
			children = (
				0456A9D52BB9879300DAA667 /* test_appUITests.swift */,
				0456A9D72BB9879300DAA667 /* test_appUITestsLaunchTests.swift */,
			);
			path = test_appUITests;
			sourceTree = "<group>";
		};
/* End PBXGroup section */

/* Begin PBXNativeTarget section */
		0456A9B62BB9879100DAA667 /* test_app */ = {
			isa = PBXNativeTarget;
			buildConfigurationList = 0456A9DB2BB9879300DAA667 /* Build configuration list for PBXNativeTarget "test_app" */;
			buildPhases = (
				0456A9B32BB9879100DAA667 /* Sources */,
				0456A9B42BB9879100DAA667 /* Frameworks */,
				0456A9B52BB9879100DAA667 /* Resources */,
			);
			buildRules = (
			);
			dependencies = (
			);
			name = test_app;
			productName = test_app;
			productReference = 0456A9B72BB9879100DAA667 /* test_app.app */;
			productType = "com.apple.product-type.application";
		};
		0456A9C62BB9879300DAA667 /* test_appTests */ = {
			isa = PBXNativeTarget;
			buildConfigurationList = 0456A9DE2BB9879300DAA667 /* Build configuration list for PBXNativeTarget "test_appTests" */;
			buildPhases = (
				0456A9C32BB9879300DAA667 /* Sources */,
				0456A9C42BB9879300DAA667 /* Frameworks */,
				0456A9C52BB9879300DAA667 /* Resources */,
			);
			buildRules = (
			);
			dependencies = (
				0456A9C92BB9879300DAA667 /* PBXTargetDependency */,
			);
			name = test_appTests;
			productName = test_appTests;
			productReference = 0456A9C72BB9879300DAA667 /* test_appTests.xctest */;
			productType = "com.apple.product-type.bundle.unit-test";
		};
		0456A9D02BB9879300DAA667 /* test_appUITests */ = {
			isa = PBXNativeTarget;
			buildConfigurationList = 0456A9E12BB9879300DAA667 /* Build configuration list for PBXNativeTarget "test_appUITests" */;
			buildPhases = (
				0456A9CD2BB9879300DAA667 /* Sources */,
				0456A9CE2BB9879300DAA667 /* Frameworks */,
				0456A9CF2BB9879300DAA667 /* Resources */,
			);
			buildRules = (
			);
			dependencies = (
				0456A9D32BB9879300DAA667 /* PBXTargetDependency */,
			);
			name = test_appUITests;
			productName = test_appUITests;
			productReference = 0456A9D12BB9879300DAA667 /* test_appUITests.xctest */;
			productType = "com.apple.product-type.bundle.ui-testing";
		};
/* End PBXNativeTarget section */

/* Begin PBXProject section */
		0456A9AF2BB9879100DAA667 /* Project object */ = {
			isa = PBXProject;
			attributes = {
				BuildIndependentTargetsInParallel = 1;
				LastSwiftUpdateCheck = 1530;
				LastUpgradeCheck = 1530;
				TargetAttributes = {
					0456A9B62BB9879100DAA667 = {
						CreatedOnToolsVersion = 15.3;
					};
					0456A9C62BB9879300DAA667 = {
						CreatedOnToolsVersion = 15.3;
						TestTargetID = 0456A9B62BB9879100DAA667;
					};
					0456A9D02BB9879300DAA667 = {
						CreatedOnToolsVersion = 15.3;
						TestTargetID = 0456A9B62BB9879100DAA667;
					};
				};
			};
			buildConfigurationList = 0456A9B22BB9879100DAA667 /* Build configuration list for PBXProject "test_app" */;
			compatibilityVersion = "Xcode 14.0";
			developmentRegion = en;
			hasScannedForEncodings = 0;
			knownRegions = (
				en,
				Base,
			);
			mainGroup = 0456A9AE2BB9879100DAA667;
			productRefGroup = 0456A9B82BB9879100DAA667 /* Products */;
			projectDirPath = "";
			projectRoot = "";
			targets = (
				0456A9B62BB9879100DAA667 /* test_app */,
				0456A9C62BB9879300DAA667 /* test_appTests */,
				0456A9D02BB9879300DAA667 /* test_appUITests */,
			);
		};
/* End PBXProject section */

/* Begin PBXResourcesBuildPhase section */
		0456A9B52BB9879100DAA667 /* Resources */ = {
			isa = PBXResourcesBuildPhase;
			buildActionMask = 2147483647;
			files = (
				0456A9C22BB9879200DAA667 /* Preview Assets.xcassets in Resources */,
				0456A9BF2BB9879200DAA667 /* Assets.xcassets in Resources */,
			);
			runOnlyForDeploymentPostprocessing = 0;
		};
		0456A9C52BB9879300DAA667 /* Resources */ = {
			isa = PBXResourcesBuildPhase;
			buildActionMask = 2147483647;
			files = (
			);
			runOnlyForDeploymentPostprocessing = 0;
		};
		0456A9CF2BB9879300DAA667 /* Resources */ = {
			isa = PBXResourcesBuildPhase;
			buildActionMask = 2147483647;
			files = (
			);
			runOnlyForDeploymentPostprocessing = 0;
		};
/* End PBXResourcesBuildPhase section */

/* Begin PBXSourcesBuildPhase section */
		0456A9B32BB9879100DAA667 /* Sources */ = {
			isa = PBXSourcesBuildPhase;
			buildActionMask = 2147483647;
			files = (
				0456A9BD2BB9879100DAA667 /* ContentView.swift in Sources */,
				0456A9BB2BB9879100DAA667 /* test_appApp.swift in Sources */,
			);
			runOnlyForDeploymentPostprocessing = 0;
		};
		0456A9C32BB9879300DAA667 /* Sources */ = {
			isa = PBXSourcesBuildPhase;
			buildActionMask = 2147483647;
			files = (
				0456A9CC2BB9879300DAA667 /* test_appTests.swift in Sources */,
			);
			runOnlyForDeploymentPostprocessing = 0;
		};
		0456A9CD2BB9879300DAA667 /* Sources */ = {
			isa = PBXSourcesBuildPhase;
			buildActionMask = 2147483647;
			files = (
				0456A9D82BB9879300DAA667 /* test_appUITestsLaunchTests.swift in Sources */,
				0456A9D62BB9879300DAA667 /* test_appUITests.swift in Sources */,
			);
			runOnlyForDeploymentPostprocessing = 0;
		};
/* End PBXSourcesBuildPhase section */

/* Begin PBXTargetDependency section */
		0456A9C92BB9879300DAA667 /* PBXTargetDependency */ = {
			isa = PBXTargetDependency;
			target = 0456A9B62BB9879100DAA667 /* test_app */;
			targetProxy = 0456A9C82BB9879300DAA667 /* PBXContainerItemProxy */;
		};
		0456A9D32BB9879300DAA667 /* PBXTargetDependency */ = {
			isa = PBXTargetDependency;
			target = 0456A9B62BB9879100DAA667 /* test_app */;
			targetProxy = 0456A9D22BB9879300DAA667 /* PBXContainerItemProxy */;
		};
/* End PBXTargetDependency section */

/* Begin XCBuildConfiguration section */
		0456A9D92BB9879300DAA667 /* Debug */ = {
			isa = XCBuildConfiguration;
			buildSettings = {
				ALWAYS_SEARCH_USER_PATHS = NO;
				ASSETCATALOG_COMPILER_GENERATE_SWIFT_ASSET_SYMBOL_EXTENSIONS = YES;
				CLANG_ANALYZER_NONNULL = YES;
				CLANG_ANALYZER_NUMBER_OBJECT_CONVERSION = YES_AGGRESSIVE;
				CLANG_CXX_LANGUAGE_STANDARD = "gnu++20";
				CLANG_ENABLE_MODULES = YES;
				CLANG_ENABLE_OBJC_ARC = YES;
				CLANG_ENABLE_OBJC_WEAK = YES;
				CLANG_WARN_BLOCK_CAPTURE_AUTORELEASING = YES;
				CLANG_WARN_BOOL_CONVERSION = YES;
				CLANG_WARN_COMMA = YES;
				CLANG_WARN_CONSTANT_CONVERSION = YES;
				CLANG_WARN_DEPRECATED_OBJC_IMPLEMENTATIONS = YES;
				CLANG_WARN_DIRECT_OBJC_ISA_USAGE = YES_ERROR;
				CLANG_WARN_DOCUMENTATION_COMMENTS = YES;
				CLANG_WARN_EMPTY_BODY = YES;
				CLANG_WARN_ENUM_CONVERSION = YES;
				CLANG_WARN_INFINITE_RECURSION = YES;
				CLANG_WARN_INT_CONVERSION = YES;
				CLANG_WARN_NON_LITERAL_NULL_CONVERSION = YES;
				CLANG_WARN_OBJC_IMPLICIT_RETAIN_SELF = YES;
				CLANG_WARN_OBJC_LITERAL_CONVERSION = YES;
				CLANG_WARN_OBJC_ROOT_CLASS = YES_ERROR;
				CLANG_WARN_QUOTED_INCLUDE_IN_FRAMEWORK_HEADER = YES;
				CLANG_WARN_RANGE_LOOP_ANALYSIS = YES;
				CLANG_WARN_STRICT_PROTOTYPES = YES;
				CLANG_WARN_SUSPICIOUS_MOVE = YES;
				CLANG_WARN_UNGUARDED_AVAILABILITY = YES_AGGRESSIVE;
				CLANG_WARN_UNREACHABLE_CODE = YES;
				CLANG_WARN__DUPLICATE_METHOD_MATCH = YES;
				COPY_PHASE_STRIP = NO;
				DEBUG_INFORMATION_FORMAT = dwarf;
				ENABLE_STRICT_OBJC_MSGSEND = YES;
				ENABLE_TESTABILITY = YES;
				ENABLE_USER_SCRIPT_SANDBOXING = YES;
				GCC_C_LANGUAGE_STANDARD = gnu17;
				GCC_DYNAMIC_NO_PIC = NO;
				GCC_NO_COMMON_BLOCKS = YES;
				GCC_OPTIMIZATION_LEVEL = 0;
				GCC_PREPROCESSOR_DEFINITIONS = (
					"DEBUG=1",
					"$(inherited)",
				);
				GCC_WARN_64_TO_32_BIT_CONVERSION = YES;
				GCC_WARN_ABOUT_RETURN_TYPE = YES_ERROR;
				GCC_WARN_UNDECLARED_SELECTOR = YES;
				GCC_WARN_UNINITIALIZED_AUTOS = YES_AGGRESSIVE;
				GCC_WARN_UNUSED_FUNCTION = YES;
				GCC_WARN_UNUSED_VARIABLE = YES;
				IPHONEOS_DEPLOYMENT_TARGET = 17.4;
				LOCALIZATION_PREFERS_STRING_CATALOGS = YES;
				MTL_ENABLE_DEBUG_INFO = INCLUDE_SOURCE;
				MTL_FAST_MATH = YES;
				ONLY_ACTIVE_ARCH = YES;
				SDKROOT = iphoneos;
				SWIFT_ACTIVE_COMPILATION_CONDITIONS = "DEBUG $(inherited)";
				SWIFT_OPTIMIZATION_LEVEL = "-Onone";
			};
			name = Debug;
		};
		0456A9DA2BB9879300DAA667 /* Release */ = {
			isa = XCBuildConfiguration;
			buildSettings = {
				ALWAYS_SEARCH_USER_PATHS = NO;
				ASSETCATALOG_COMPILER_GENERATE_SWIFT_ASSET_SYMBOL_EXTENSIONS = YES;
				CLANG_ANALYZER_NONNULL = YES;
				CLANG_ANALYZER_NUMBER_OBJECT_CONVERSION = YES_AGGRESSIVE;
				CLANG_CXX_LANGUAGE_STANDARD = "gnu++20";
				CLANG_ENABLE_MODULES = YES;
				CLANG_ENABLE_OBJC_ARC = YES;
				CLANG_ENABLE_OBJC_WEAK = YES;
				CLANG_WARN_BLOCK_CAPTURE_AUTORELEASING = YES;
				CLANG_WARN_BOOL_CONVERSION = YES;
				CLANG_WARN_COMMA = YES;
				CLANG_WARN_CONSTANT_CONVERSION = YES;
				CLANG_WARN_DEPRECATED_OBJC_IMPLEMENTATIONS = YES;
				CLANG_WARN_DIRECT_OBJC_ISA_USAGE = YES_ERROR;
				CLANG_WARN_DOCUMENTATION_COMMENTS = YES;
				CLANG_WARN_EMPTY_BODY = YES;
				CLANG_WARN_ENUM_CONVERSION = YES;
				CLANG_WARN_INFINITE_RECURSION = YES;
				CLANG_WARN_INT_CONVERSION = YES;
				CLANG_WARN_NON_LITERAL_NULL_CONVERSION = YES;
				CLANG_WARN_OBJC_IMPLICIT_RETAIN_SELF = YES;
				CLANG_WARN_OBJC_LITERAL_CONVERSION = YES;
				CLANG_WARN_OBJC_ROOT_CLASS = YES_ERROR;
				CLANG_WARN_QUOTED_INCLUDE_IN_FRAMEWORK_HEADER = YES;
				CLANG_WARN_RANGE_LOOP_ANALYSIS = YES;
				CLANG_WARN_STRICT_PROTOTYPES = YES;
				CLANG_WARN_SUSPICIOUS_MOVE = YES;
				CLANG_WARN_UNGUARDED_AVAILABILITY = YES_AGGRESSIVE;
				CLANG_WARN_UNREACHABLE_CODE = YES;
				CLANG_WARN__DUPLICATE_METHOD_MATCH = YES;
				COPY_PHASE_STRIP = NO;
				DEBUG_INFORMATION_FORMAT = "dwarf-with-dsym";
				ENABLE_NS_ASSERTIONS = NO;
				ENABLE_STRICT_OBJC_MSGSEND = YES;
				ENABLE_USER_SCRIPT_SANDBOXING = YES;
				GCC_C_LANGUAGE_STANDARD = gnu17;
				GCC_NO_COMMON_BLOCKS = YES;
				GCC_WARN_64_TO_32_BIT_CONVERSION = YES;
				GCC_WARN_ABOUT_RETURN_TYPE = YES_ERROR;
				GCC_WARN_UNDECLARED_SELECTOR = YES;
				GCC_WARN_UNINITIALIZED_AUTOS = YES_AGGRESSIVE;
				GCC_WARN_UNUSED_FUNCTION = YES;
				GCC_WARN_UNUSED_VARIABLE = YES;
				IPHONEOS_DEPLOYMENT_TARGET = 17.4;
				LOCALIZATION_PREFERS_STRING_CATALOGS = YES;
				MTL_ENABLE_DEBUG_INFO = NO;
				MTL_FAST_MATH = YES;
				SDKROOT = iphoneos;
				SWIFT_COMPILATION_MODE = wholemodule;
				VALIDATE_PRODUCT = YES;
			};
			name = Release;
		};
		0456A9DC2BB9879300DAA667 /* Debug */ = {
			isa = XCBuildConfiguration;
			buildSettings = {
				ASSETCATALOG_COMPILER_APPICON_NAME = AppIcon;
				ASSETCATALOG_COMPILER_GLOBAL_ACCENT_COLOR_NAME = AccentColor;
				CODE_SIGN_STYLE = Automatic;
				CURRENT_PROJECT_VERSION = 1;
				DEVELOPMENT_ASSET_PATHS = "\"test_app/Preview Content\"";
				ENABLE_PREVIEWS = YES;
				GENERATE_INFOPLIST_FILE = YES;
				INFOPLIST_KEY_UIApplicationSceneManifest_Generation = YES;
				INFOPLIST_KEY_UIApplicationSupportsIndirectInputEvents = YES;
				INFOPLIST_KEY_UILaunchScreen_Generation = YES;
				INFOPLIST_KEY_UISupportedInterfaceOrientations_iPad = "UIInterfaceOrientationPortrait UIInterfaceOrientationPortraitUpsideDown UIInterfaceOrientationLandscapeLeft UIInterfaceOrientationLandscapeRight";
				INFOPLIST_KEY_UISupportedInterfaceOrientations_iPhone = "UIInterfaceOrientationPortrait UIInterfaceOrientationLandscapeLeft UIInterfaceOrientationLandscapeRight";
				LD_RUNPATH_SEARCH_PATHS = (
					"$(inherited)",
					"@executable_path/Frameworks",
				);
				MARKETING_VERSION = 1.0;
				PRODUCT_BUNDLE_IDENTIFIER = "test.test-app";
				PRODUCT_NAME = "$(TARGET_NAME)";
				SWIFT_EMIT_LOC_STRINGS = YES;
				SWIFT_VERSION = 5.0;
				TARGETED_DEVICE_FAMILY = "1,2";
			};
			name = Debug;
		};
		0456A9DD2BB9879300DAA667 /* Release */ = {
			isa = XCBuildConfiguration;
			buildSettings = {
				ASSETCATALOG_COMPILER_APPICON_NAME = AppIcon;
				ASSETCATALOG_COMPILER_GLOBAL_ACCENT_COLOR_NAME = AccentColor;
				CODE_SIGN_STYLE = Automatic;
				CURRENT_PROJECT_VERSION = 1;
				DEVELOPMENT_ASSET_PATHS = "\"test_app/Preview Content\"";
				ENABLE_PREVIEWS = YES;
				GENERATE_INFOPLIST_FILE = YES;
				INFOPLIST_KEY_UIApplicationSceneManifest_Generation = YES;
				INFOPLIST_KEY_UIApplicationSupportsIndirectInputEvents = YES;
				INFOPLIST_KEY_UILaunchScreen_Generation = YES;
				INFOPLIST_KEY_UISupportedInterfaceOrientations_iPad = "UIInterfaceOrientationPortrait UIInterfaceOrientationPortraitUpsideDown UIInterfaceOrientationLandscapeLeft UIInterfaceOrientationLandscapeRight";
				INFOPLIST_KEY_UISupportedInterfaceOrientations_iPhone = "UIInterfaceOrientationPortrait UIInterfaceOrientationLandscapeLeft UIInterfaceOrientationLandscapeRight";
				LD_RUNPATH_SEARCH_PATHS = (
					"$(inherited)",
					"@executable_path/Frameworks",
				);
				MARKETING_VERSION = 1.0;
				PRODUCT_BUNDLE_IDENTIFIER = "test.test-app";
				PRODUCT_NAME = "$(TARGET_NAME)";
				SWIFT_EMIT_LOC_STRINGS = YES;
				SWIFT_VERSION = 5.0;
				TARGETED_DEVICE_FAMILY = "1,2";
			};
			name = Release;
		};
		0456A9DF2BB9879300DAA667 /* Debug */ = {
			isa = XCBuildConfiguration;
			buildSettings = {
				ALWAYS_EMBED_SWIFT_STANDARD_LIBRARIES = YES;
				BUNDLE_LOADER = "$(TEST_HOST)";
				CODE_SIGN_STYLE = Automatic;
				CURRENT_PROJECT_VERSION = 1;
				GENERATE_INFOPLIST_FILE = YES;
				IPHONEOS_DEPLOYMENT_TARGET = 17.4;
				MARKETING_VERSION = 1.0;
				PRODUCT_BUNDLE_IDENTIFIER = "test.test-appTests";
				PRODUCT_NAME = "$(TARGET_NAME)";
				SWIFT_EMIT_LOC_STRINGS = NO;
				SWIFT_VERSION = 5.0;
				TARGETED_DEVICE_FAMILY = "1,2";
				TEST_HOST = "$(BUILT_PRODUCTS_DIR)/test_app.app/$(BUNDLE_EXECUTABLE_FOLDER_PATH)/test_app";
			};
			name = Debug;
		};
		0456A9E02BB9879300DAA667 /* Release */ = {
			isa = XCBuildConfiguration;
			buildSettings = {
				ALWAYS_EMBED_SWIFT_STANDARD_LIBRARIES = YES;
				BUNDLE_LOADER = "$(TEST_HOST)";
				CODE_SIGN_STYLE = Automatic;
				CURRENT_PROJECT_VERSION = 1;
				GENERATE_INFOPLIST_FILE = YES;
				IPHONEOS_DEPLOYMENT_TARGET = 17.4;
				MARKETING_VERSION = 1.0;
				PRODUCT_BUNDLE_IDENTIFIER = "test.test-appTests";
				PRODUCT_NAME = "$(TARGET_NAME)";
				SWIFT_EMIT_LOC_STRINGS = NO;
				SWIFT_VERSION = 5.0;
				TARGETED_DEVICE_FAMILY = "1,2";
				TEST_HOST = "$(BUILT_PRODUCTS_DIR)/test_app.app/$(BUNDLE_EXECUTABLE_FOLDER_PATH)/test_app";
			};
			name = Release;
		};
		0456A9E22BB9879300DAA667 /* Debug */ = {
			isa = XCBuildConfiguration;
			buildSettings = {
				ALWAYS_EMBED_SWIFT_STANDARD_LIBRARIES = YES;
				CODE_SIGN_STYLE = Automatic;
				CURRENT_PROJECT_VERSION = 1;
				GENERATE_INFOPLIST_FILE = YES;
				MARKETING_VERSION = 1.0;
				PRODUCT_BUNDLE_IDENTIFIER = "test.test-appUITests";
				PRODUCT_NAME = "$(TARGET_NAME)";
				SWIFT_EMIT_LOC_STRINGS = NO;
				SWIFT_VERSION = 5.0;
				TARGETED_DEVICE_FAMILY = "1,2";
				TEST_TARGET_NAME = test_app;
			};
			name = Debug;
		};
		0456A9E32BB9879300DAA667 /* Release */ = {
			isa = XCBuildConfiguration;
			buildSettings = {
				ALWAYS_EMBED_SWIFT_STANDARD_LIBRARIES = YES;
				CODE_SIGN_STYLE = Automatic;
				CURRENT_PROJECT_VERSION = 1;
				GENERATE_INFOPLIST_FILE = YES;
				MARKETING_VERSION = 1.0;
				PRODUCT_BUNDLE_IDENTIFIER = "test.test-appUITests";
				PRODUCT_NAME = "$(TARGET_NAME)";
				SWIFT_EMIT_LOC_STRINGS = NO;
				SWIFT_VERSION = 5.0;
				TARGETED_DEVICE_FAMILY = "1,2";
				TEST_TARGET_NAME = test_app;
			};
			name = Release;
		};
/* End XCBuildConfiguration section */

/* Begin XCConfigurationList section */
		0456A9B22BB9879100DAA667 /* Build configuration list for PBXProject "test_app" */ = {
			isa = XCConfigurationList;
			buildConfigurations = (
				0456A9D92BB9879300DAA667 /* Debug */,
				0456A9DA2BB9879300DAA667 /* Release */,
			);
			defaultConfigurationIsVisible = 0;
			defaultConfigurationName = Release;
		};
		0456A9DB2BB9879300DAA667 /* Build configuration list for PBXNativeTarget "test_app" */ = {
			isa = XCConfigurationList;
			buildConfigurations = (
				0456A9DC2BB9879300DAA667 /* Debug */,
				0456A9DD2BB9879300DAA667 /* Release */,
			);
			defaultConfigurationIsVisible = 0;
			defaultConfigurationName = Release;
		};
		0456A9DE2BB9879300DAA667 /* Build configuration list for PBXNativeTarget "test_appTests" */ = {
			isa = XCConfigurationList;
			buildConfigurations = (
				0456A9DF2BB9879300DAA667 /* Debug */,
				0456A9E02BB9879300DAA667 /* Release */,
			);
			defaultConfigurationIsVisible = 0;
			defaultConfigurationName = Release;
		};
		0456A9E12BB9879300DAA667 /* Build configuration list for PBXNativeTarget "test_appUITests" */ = {
			isa = XCConfigurationList;
			buildConfigurations = (
				0456A9E22BB9879300DAA667 /* Debug */,
				0456A9E32BB9879300DAA667 /* Release */,
			);
			defaultConfigurationIsVisible = 0;
			defaultConfigurationName = Release;
		};
/* End XCConfigurationList section */
	};
	rootObject = 0456A9AF2BB9879100DAA667 /* Project object */;
}
